// !$*UTF8*$!
{
	archiveVersion = 1;
	classes = {
	};
	objectVersion = 55;
	objects = {

/* Begin PBXBuildFile section */
		A42C95AF28B1EDB100A86C68 /* RouletteSector.swift in Sources */ = {isa = PBXBuildFile; fileRef = A42C95AE28B1EDB100A86C68 /* RouletteSector.swift */; };
		A43BEB4828B27754005A5A81 /* RegisterView.swift in Sources */ = {isa = PBXBuildFile; fileRef = A43BEB4728B27754005A5A81 /* RegisterView.swift */; };
		A4420AC628AE0301001EA456 /* background_music_menu.mp3 in Resources */ = {isa = PBXBuildFile; fileRef = A4420AC528AE0301001EA456 /* background_music_menu.mp3 */; };
		A4420ACA28AE1AC6001EA456 /* background_music_casino.mp3 in Resources */ = {isa = PBXBuildFile; fileRef = A4420AC928AE1AC6001EA456 /* background_music_casino.mp3 */; };
		A44F512D28B4761700BE96C6 /* Level.swift in Sources */ = {isa = PBXBuildFile; fileRef = A44F512C28B4761700BE96C6 /* Level.swift */; };
		A453AF2828B230BB00271D87 /* RouletteSectorsViewModel.swift in Sources */ = {isa = PBXBuildFile; fileRef = A453AF2728B230BB00271D87 /* RouletteSectorsViewModel.swift */; };
		A453AF2A28B235F900271D87 /* UserViewModel.swift in Sources */ = {isa = PBXBuildFile; fileRef = A453AF2928B235F900271D87 /* UserViewModel.swift */; };
		A47516BC28B4C93800D1789D /* ResumeView.swift in Sources */ = {isa = PBXBuildFile; fileRef = A47516BB28B4C93800D1789D /* ResumeView.swift */; };
		A482F06028AFD5F700828891 /* DotView.swift in Sources */ = {isa = PBXBuildFile; fileRef = A482F05F28AFD5F700828891 /* DotView.swift */; };
		A482F06228AFDA6200828891 /* LeaderboardRow.swift in Sources */ = {isa = PBXBuildFile; fileRef = A482F06128AFDA6200828891 /* LeaderboardRow.swift */; };
		A482F06528AFE2B400828891 /* User.swift in Sources */ = {isa = PBXBuildFile; fileRef = A482F06428AFE2B400828891 /* User.swift */; };
		A49230B428B3302B00E4D697 /* SettingView.swift in Sources */ = {isa = PBXBuildFile; fileRef = A49230B328B3302B00E4D697 /* SettingView.swift */; };
		A49230B628B330FC00E4D697 /* SystemThemeManager.swift in Sources */ = {isa = PBXBuildFile; fileRef = A49230B528B330FC00E4D697 /* SystemThemeManager.swift */; };
		A49E0E0428A9FC85004BB2E1 /* GameView.swift in Sources */ = {isa = PBXBuildFile; fileRef = A49E0E0328A9FC85004BB2E1 /* GameView.swift */; };
		A49E0E0628A9FCE0004BB2E1 /* Leaderboard.swift in Sources */ = {isa = PBXBuildFile; fileRef = A49E0E0528A9FCE0004BB2E1 /* Leaderboard.swift */; };
		A49E0E0828A9FCF9004BB2E1 /* HowToPlay.swift in Sources */ = {isa = PBXBuildFile; fileRef = A49E0E0728A9FCF9004BB2E1 /* HowToPlay.swift */; };
		A49E0E0A28A9FF0D004BB2E1 /* NavigateButtonView.swift in Sources */ = {isa = PBXBuildFile; fileRef = A49E0E0928A9FF0D004BB2E1 /* NavigateButtonView.swift */; };
		A4A43D4028AD35B90051D51A /* coin_big_win.wav in Resources */ = {isa = PBXBuildFile; fileRef = A4A43D3F28AD35B90051D51A /* coin_big_win.wav */; };
		A4A43D4228AD387B0051D51A /* coin_small_win.wav in Resources */ = {isa = PBXBuildFile; fileRef = A4A43D4128AD387B0051D51A /* coin_small_win.wav */; };
		A4A43D4428AD3A810051D51A /* coin_lose.wav in Resources */ = {isa = PBXBuildFile; fileRef = A4A43D4328AD3A810051D51A /* coin_lose.wav */; };
		A4A43D4628AD3DA00051D51A /* roulette_spin.mp3 in Resources */ = {isa = PBXBuildFile; fileRef = A4A43D4528AD3DA00051D51A /* roulette_spin.mp3 */; };
		A4C5825128AE96F0008B184B /* game_over.wav in Resources */ = {isa = PBXBuildFile; fileRef = A4C5825028AE96F0008B184B /* game_over.wav */; };
		A4D8A2B028A942E200DEEF3A /* RMIT_RouletteApp.swift in Sources */ = {isa = PBXBuildFile; fileRef = A4D8A2AF28A942E200DEEF3A /* RMIT_RouletteApp.swift */; };
		A4D8A2B228A942E200DEEF3A /* MenuView.swift in Sources */ = {isa = PBXBuildFile; fileRef = A4D8A2B128A942E200DEEF3A /* MenuView.swift */; };
		A4D8A2B428A942E600DEEF3A /* Assets.xcassets in Resources */ = {isa = PBXBuildFile; fileRef = A4D8A2B328A942E600DEEF3A /* Assets.xcassets */; };
		A4D8A2B728A942E600DEEF3A /* Preview Assets.xcassets in Resources */ = {isa = PBXBuildFile; fileRef = A4D8A2B628A942E600DEEF3A /* Preview Assets.xcassets */; };
		A4D8A2C528A94CEE00DEEF3A /* Modifiers.swift in Sources */ = {isa = PBXBuildFile; fileRef = A4D8A2C428A94CEE00DEEF3A /* Modifiers.swift */; };
		A4D8A2C728A94D0400DEEF3A /* PlaySound.swift in Sources */ = {isa = PBXBuildFile; fileRef = A4D8A2C628A94D0400DEEF3A /* PlaySound.swift */; };
		A4DAD38428B668A3002918F5 /* GameLogic.swift in Sources */ = {isa = PBXBuildFile; fileRef = A4DAD38328B668A3002918F5 /* GameLogic.swift */; };
		A4E03FDE28B12C99000C27DA /* MilestoneView.swift in Sources */ = {isa = PBXBuildFile; fileRef = A4E03FDD28B12C99000C27DA /* MilestoneView.swift */; };
		A4E03FE128B13B4F000C27DA /* Badge.swift in Sources */ = {isa = PBXBuildFile; fileRef = A4E03FE028B13B4F000C27DA /* Badge.swift */; };
		A4E03FE328B13BA8000C27DA /* ColorRoulette.swift in Sources */ = {isa = PBXBuildFile; fileRef = A4E03FE228B13BA8000C27DA /* ColorRoulette.swift */; };
		A4E03FE528B13BC5000C27DA /* ResultStatus.swift in Sources */ = {isa = PBXBuildFile; fileRef = A4E03FE428B13BC5000C27DA /* ResultStatus.swift */; };
/* End PBXBuildFile section */

/* Begin PBXFileReference section */
		A42C95AE28B1EDB100A86C68 /* RouletteSector.swift */ = {isa = PBXFileReference; lastKnownFileType = sourcecode.swift; path = RouletteSector.swift; sourceTree = "<group>"; };
		A43BEB4728B27754005A5A81 /* RegisterView.swift */ = {isa = PBXFileReference; lastKnownFileType = sourcecode.swift; path = RegisterView.swift; sourceTree = "<group>"; };
		A4420AC528AE0301001EA456 /* background_music_menu.mp3 */ = {isa = PBXFileReference; lastKnownFileType = audio.mp3; name = background_music_menu.mp3; path = ../../../images/background_music_menu.mp3; sourceTree = "<group>"; };
		A4420AC928AE1AC6001EA456 /* background_music_casino.mp3 */ = {isa = PBXFileReference; lastKnownFileType = audio.mp3; name = background_music_casino.mp3; path = ../../../images/background_music_casino.mp3; sourceTree = "<group>"; };
		A44F512C28B4761700BE96C6 /* Level.swift */ = {isa = PBXFileReference; lastKnownFileType = sourcecode.swift; path = Level.swift; sourceTree = "<group>"; };
		A453AF2728B230BB00271D87 /* RouletteSectorsViewModel.swift */ = {isa = PBXFileReference; lastKnownFileType = sourcecode.swift; path = RouletteSectorsViewModel.swift; sourceTree = "<group>"; };
		A453AF2928B235F900271D87 /* UserViewModel.swift */ = {isa = PBXFileReference; lastKnownFileType = sourcecode.swift; path = UserViewModel.swift; sourceTree = "<group>"; };
		A47516BB28B4C93800D1789D /* ResumeView.swift */ = {isa = PBXFileReference; lastKnownFileType = sourcecode.swift; path = ResumeView.swift; sourceTree = "<group>"; };
		A482F05F28AFD5F700828891 /* DotView.swift */ = {isa = PBXFileReference; lastKnownFileType = sourcecode.swift; path = DotView.swift; sourceTree = "<group>"; };
		A482F06128AFDA6200828891 /* LeaderboardRow.swift */ = {isa = PBXFileReference; lastKnownFileType = sourcecode.swift; path = LeaderboardRow.swift; sourceTree = "<group>"; };
		A482F06428AFE2B400828891 /* User.swift */ = {isa = PBXFileReference; lastKnownFileType = sourcecode.swift; path = User.swift; sourceTree = "<group>"; };
		A49230B328B3302B00E4D697 /* SettingView.swift */ = {isa = PBXFileReference; lastKnownFileType = sourcecode.swift; path = SettingView.swift; sourceTree = "<group>"; };
		A49230B528B330FC00E4D697 /* SystemThemeManager.swift */ = {isa = PBXFileReference; lastKnownFileType = sourcecode.swift; path = SystemThemeManager.swift; sourceTree = "<group>"; };
		A49E0E0328A9FC85004BB2E1 /* GameView.swift */ = {isa = PBXFileReference; lastKnownFileType = sourcecode.swift; path = GameView.swift; sourceTree = "<group>"; };
		A49E0E0528A9FCE0004BB2E1 /* Leaderboard.swift */ = {isa = PBXFileReference; lastKnownFileType = sourcecode.swift; path = Leaderboard.swift; sourceTree = "<group>"; };
		A49E0E0728A9FCF9004BB2E1 /* HowToPlay.swift */ = {isa = PBXFileReference; lastKnownFileType = sourcecode.swift; path = HowToPlay.swift; sourceTree = "<group>"; };
		A49E0E0928A9FF0D004BB2E1 /* NavigateButtonView.swift */ = {isa = PBXFileReference; lastKnownFileType = sourcecode.swift; path = NavigateButtonView.swift; sourceTree = "<group>"; };
		A4A43D3F28AD35B90051D51A /* coin_big_win.wav */ = {isa = PBXFileReference; lastKnownFileType = audio.wav; name = coin_big_win.wav; path = ../../../images/coin_big_win.wav; sourceTree = "<group>"; };
		A4A43D4128AD387B0051D51A /* coin_small_win.wav */ = {isa = PBXFileReference; lastKnownFileType = audio.wav; name = coin_small_win.wav; path = ../../../images/coin_small_win.wav; sourceTree = "<group>"; };
		A4A43D4328AD3A810051D51A /* coin_lose.wav */ = {isa = PBXFileReference; lastKnownFileType = audio.wav; name = coin_lose.wav; path = ../../../images/coin_lose.wav; sourceTree = "<group>"; };
		A4A43D4528AD3DA00051D51A /* roulette_spin.mp3 */ = {isa = PBXFileReference; lastKnownFileType = audio.mp3; name = roulette_spin.mp3; path = ../../../images/roulette_spin.mp3; sourceTree = "<group>"; };
		A4C5825028AE96F0008B184B /* game_over.wav */ = {isa = PBXFileReference; lastKnownFileType = audio.wav; name = game_over.wav; path = ../../../images/game_over.wav; sourceTree = "<group>"; };
		A4D8A2AC28A942E200DEEF3A /* RMIT_Roulette.app */ = {isa = PBXFileReference; explicitFileType = wrapper.application; includeInIndex = 0; path = RMIT_Roulette.app; sourceTree = BUILT_PRODUCTS_DIR; };
		A4D8A2AF28A942E200DEEF3A /* RMIT_RouletteApp.swift */ = {isa = PBXFileReference; lastKnownFileType = sourcecode.swift; path = RMIT_RouletteApp.swift; sourceTree = "<group>"; };
		A4D8A2B128A942E200DEEF3A /* MenuView.swift */ = {isa = PBXFileReference; lastKnownFileType = sourcecode.swift; path = MenuView.swift; sourceTree = "<group>"; };
		A4D8A2B328A942E600DEEF3A /* Assets.xcassets */ = {isa = PBXFileReference; lastKnownFileType = folder.assetcatalog; path = Assets.xcassets; sourceTree = "<group>"; };
		A4D8A2B628A942E600DEEF3A /* Preview Assets.xcassets */ = {isa = PBXFileReference; lastKnownFileType = folder.assetcatalog; path = "Preview Assets.xcassets"; sourceTree = "<group>"; };
		A4D8A2C428A94CEE00DEEF3A /* Modifiers.swift */ = {isa = PBXFileReference; lastKnownFileType = sourcecode.swift; path = Modifiers.swift; sourceTree = "<group>"; };
		A4D8A2C628A94D0400DEEF3A /* PlaySound.swift */ = {isa = PBXFileReference; lastKnownFileType = sourcecode.swift; path = PlaySound.swift; sourceTree = "<group>"; };
		A4DAD38328B668A3002918F5 /* GameLogic.swift */ = {isa = PBXFileReference; lastKnownFileType = sourcecode.swift; path = GameLogic.swift; sourceTree = "<group>"; };
		A4E03FDD28B12C99000C27DA /* MilestoneView.swift */ = {isa = PBXFileReference; lastKnownFileType = sourcecode.swift; path = MilestoneView.swift; sourceTree = "<group>"; };
		A4E03FE028B13B4F000C27DA /* Badge.swift */ = {isa = PBXFileReference; lastKnownFileType = sourcecode.swift; path = Badge.swift; sourceTree = "<group>"; };
		A4E03FE228B13BA8000C27DA /* ColorRoulette.swift */ = {isa = PBXFileReference; lastKnownFileType = sourcecode.swift; path = ColorRoulette.swift; sourceTree = "<group>"; };
		A4E03FE428B13BC5000C27DA /* ResultStatus.swift */ = {isa = PBXFileReference; lastKnownFileType = sourcecode.swift; path = ResultStatus.swift; sourceTree = "<group>"; };
/* End PBXFileReference section */

/* Begin PBXFrameworksBuildPhase section */
		A4D8A2A928A942E200DEEF3A /* Frameworks */ = {
			isa = PBXFrameworksBuildPhase;
			buildActionMask = 2147483647;
			files = (
			);
			runOnlyForDeploymentPostprocessing = 0;
		};
/* End PBXFrameworksBuildPhase section */

/* Begin PBXGroup section */
		A453AF2628B22EEA00271D87 /* ViewModel */ = {
			isa = PBXGroup;
			children = (
				A453AF2728B230BB00271D87 /* RouletteSectorsViewModel.swift */,
				A453AF2928B235F900271D87 /* UserViewModel.swift */,
			);
			path = ViewModel;
			sourceTree = "<group>";
		};
		A482F06328AFE2A300828891 /* Model */ = {
			isa = PBXGroup;
			children = (
				A42C95AE28B1EDB100A86C68 /* RouletteSector.swift */,
				A482F06428AFE2B400828891 /* User.swift */,
			);
			path = Model;
			sourceTree = "<group>";
		};
		A4B6948028B71891001870FD /* Menu */ = {
			isa = PBXGroup;
			children = (
				A47516BB28B4C93800D1789D /* ResumeView.swift */,
				A49E0E0928A9FF0D004BB2E1 /* NavigateButtonView.swift */,
				A4D8A2B128A942E200DEEF3A /* MenuView.swift */,
			);
			path = Menu;
			sourceTree = "<group>";
		};
		A4B6948128B718A0001870FD /* Game */ = {
			isa = PBXGroup;
			children = (
				A43BEB4728B27754005A5A81 /* RegisterView.swift */,
				A4E03FDD28B12C99000C27DA /* MilestoneView.swift */,
				A482F05F28AFD5F700828891 /* DotView.swift */,
				A49E0E0328A9FC85004BB2E1 /* GameView.swift */,
			);
			path = Game;
			sourceTree = "<group>";
		};
		A4B6948228B718C4001870FD /* Leaderboard */ = {
			isa = PBXGroup;
			children = (
				A482F06128AFDA6200828891 /* LeaderboardRow.swift */,
				A49E0E0528A9FCE0004BB2E1 /* Leaderboard.swift */,
			);
			path = Leaderboard;
			sourceTree = "<group>";
		};
		A4B6948328B7192B001870FD /* HowToPlay */ = {
			isa = PBXGroup;
			children = (
				A49E0E0728A9FCF9004BB2E1 /* HowToPlay.swift */,
			);
			path = HowToPlay;
			sourceTree = "<group>";
		};
		A4B6948428B7194D001870FD /* Setting */ = {
			isa = PBXGroup;
			children = (
				A49230B528B330FC00E4D697 /* SystemThemeManager.swift */,
				A49230B328B3302B00E4D697 /* SettingView.swift */,
			);
			path = Setting;
			sourceTree = "<group>";
		};
		A4D8A2A328A942E200DEEF3A = {
			isa = PBXGroup;
			children = (
				A4D8A2AE28A942E200DEEF3A /* RMIT_Roulette */,
				A4D8A2AD28A942E200DEEF3A /* Products */,
			);
			sourceTree = "<group>";
		};
		A4D8A2AD28A942E200DEEF3A /* Products */ = {
			isa = PBXGroup;
			children = (
				A4D8A2AC28A942E200DEEF3A /* RMIT_Roulette.app */,
			);
			name = Products;
			sourceTree = "<group>";
		};
		A4D8A2AE28A942E200DEEF3A /* RMIT_Roulette */ = {
			isa = PBXGroup;
			children = (
				A4DAD38228B66897002918F5 /* Logic */,
				A453AF2628B22EEA00271D87 /* ViewModel */,
				A482F06328AFE2A300828891 /* Model */,
				A4D8A2BF28A94C4900DEEF3A /* Sounds */,
				A4D8A2BE28A94AE400DEEF3A /* Helpers */,
				A4D8A2BD28A94ADB00DEEF3A /* Views */,
				A4D8A2AF28A942E200DEEF3A /* RMIT_RouletteApp.swift */,
				A4D8A2B328A942E600DEEF3A /* Assets.xcassets */,
				A4D8A2B528A942E600DEEF3A /* Preview Content */,
			);
			path = RMIT_Roulette;
			sourceTree = "<group>";
		};
		A4D8A2B528A942E600DEEF3A /* Preview Content */ = {
			isa = PBXGroup;
			children = (
				A4D8A2B628A942E600DEEF3A /* Preview Assets.xcassets */,
			);
			path = "Preview Content";
			sourceTree = "<group>";
		};
		A4D8A2BD28A94ADB00DEEF3A /* Views */ = {
			isa = PBXGroup;
			children = (
				A4B6948428B7194D001870FD /* Setting */,
				A4B6948328B7192B001870FD /* HowToPlay */,
				A4B6948228B718C4001870FD /* Leaderboard */,
				A4B6948128B718A0001870FD /* Game */,
				A4B6948028B71891001870FD /* Menu */,
				A4E03FDF28B13B39000C27DA /* Enum */,
			);
			path = Views;
			sourceTree = "<group>";
		};
		A4D8A2BE28A94AE400DEEF3A /* Helpers */ = {
			isa = PBXGroup;
			children = (
				A4D8A2C428A94CEE00DEEF3A /* Modifiers.swift */,
				A4D8A2C628A94D0400DEEF3A /* PlaySound.swift */,
			);
			path = Helpers;
			sourceTree = "<group>";
		};
		A4D8A2BF28A94C4900DEEF3A /* Sounds */ = {
			isa = PBXGroup;
			children = (
				A4C5825028AE96F0008B184B /* game_over.wav */,
				A4420AC928AE1AC6001EA456 /* background_music_casino.mp3 */,
				A4420AC528AE0301001EA456 /* background_music_menu.mp3 */,
				A4A43D4528AD3DA00051D51A /* roulette_spin.mp3 */,
				A4A43D4328AD3A810051D51A /* coin_lose.wav */,
				A4A43D4128AD387B0051D51A /* coin_small_win.wav */,
				A4A43D3F28AD35B90051D51A /* coin_big_win.wav */,
			);
			path = Sounds;
			sourceTree = "<group>";
		};
		A4DAD38228B66897002918F5 /* Logic */ = {
			isa = PBXGroup;
			children = (
				A4DAD38328B668A3002918F5 /* GameLogic.swift */,
			);
			path = Logic;
			sourceTree = "<group>";
		};
		A4E03FDF28B13B39000C27DA /* Enum */ = {
			isa = PBXGroup;
			children = (
				A4E03FE028B13B4F000C27DA /* Badge.swift */,
				A4E03FE228B13BA8000C27DA /* ColorRoulette.swift */,
				A4E03FE428B13BC5000C27DA /* ResultStatus.swift */,
				A44F512C28B4761700BE96C6 /* Level.swift */,
			);
			path = Enum;
			sourceTree = "<group>";
		};
/* End PBXGroup section */

/* Begin PBXNativeTarget section */
		A4D8A2AB28A942E200DEEF3A /* RMIT_Roulette */ = {
			isa = PBXNativeTarget;
			buildConfigurationList = A4D8A2BA28A942E600DEEF3A /* Build configuration list for PBXNativeTarget "RMIT_Roulette" */;
			buildPhases = (
				A4D8A2A828A942E200DEEF3A /* Sources */,
				A4D8A2A928A942E200DEEF3A /* Frameworks */,
				A4D8A2AA28A942E200DEEF3A /* Resources */,
			);
			buildRules = (
			);
			dependencies = (
			);
			name = RMIT_Roulette;
			productName = RMIT_Roulette;
			productReference = A4D8A2AC28A942E200DEEF3A /* RMIT_Roulette.app */;
			productType = "com.apple.product-type.application";
		};
/* End PBXNativeTarget section */

/* Begin PBXProject section */
		A4D8A2A428A942E200DEEF3A /* Project object */ = {
			isa = PBXProject;
			attributes = {
				BuildIndependentTargetsInParallel = 1;
				LastSwiftUpdateCheck = 1340;
				LastUpgradeCheck = 1340;
				TargetAttributes = {
					A4D8A2AB28A942E200DEEF3A = {
						CreatedOnToolsVersion = 13.4.1;
					};
				};
			};
			buildConfigurationList = A4D8A2A728A942E200DEEF3A /* Build configuration list for PBXProject "RMIT_Roulette" */;
			compatibilityVersion = "Xcode 13.0";
			developmentRegion = en;
			hasScannedForEncodings = 0;
			knownRegions = (
				en,
				Base,
			);
			mainGroup = A4D8A2A328A942E200DEEF3A;
			productRefGroup = A4D8A2AD28A942E200DEEF3A /* Products */;
			projectDirPath = "";
			projectRoot = "";
			targets = (
				A4D8A2AB28A942E200DEEF3A /* RMIT_Roulette */,
			);
		};
/* End PBXProject section */

/* Begin PBXResourcesBuildPhase section */
		A4D8A2AA28A942E200DEEF3A /* Resources */ = {
			isa = PBXResourcesBuildPhase;
			buildActionMask = 2147483647;
			files = (
				A4A43D4228AD387B0051D51A /* coin_small_win.wav in Resources */,
				A4A43D4428AD3A810051D51A /* coin_lose.wav in Resources */,
				A4C5825128AE96F0008B184B /* game_over.wav in Resources */,
				A4A43D4628AD3DA00051D51A /* roulette_spin.mp3 in Resources */,
				A4420AC628AE0301001EA456 /* background_music_menu.mp3 in Resources */,
				A4D8A2B728A942E600DEEF3A /* Preview Assets.xcassets in Resources */,
				A4420ACA28AE1AC6001EA456 /* background_music_casino.mp3 in Resources */,
				A4A43D4028AD35B90051D51A /* coin_big_win.wav in Resources */,
				A4D8A2B428A942E600DEEF3A /* Assets.xcassets in Resources */,
			);
			runOnlyForDeploymentPostprocessing = 0;
		};
/* End PBXResourcesBuildPhase section */

/* Begin PBXSourcesBuildPhase section */
		A4D8A2A828A942E200DEEF3A /* Sources */ = {
			isa = PBXSourcesBuildPhase;
			buildActionMask = 2147483647;
			files = (
				A482F06228AFDA6200828891 /* LeaderboardRow.swift in Sources */,
				A49230B428B3302B00E4D697 /* SettingView.swift in Sources */,
				A4E03FDE28B12C99000C27DA /* MilestoneView.swift in Sources */,
				A4D8A2B228A942E200DEEF3A /* MenuView.swift in Sources */,
				A49E0E0628A9FCE0004BB2E1 /* Leaderboard.swift in Sources */,
				A482F06028AFD5F700828891 /* DotView.swift in Sources */,
				A49E0E0A28A9FF0D004BB2E1 /* NavigateButtonView.swift in Sources */,
				A4D8A2C728A94D0400DEEF3A /* PlaySound.swift in Sources */,
				A44F512D28B4761700BE96C6 /* Level.swift in Sources */,
				A453AF2A28B235F900271D87 /* UserViewModel.swift in Sources */,
				A43BEB4828B27754005A5A81 /* RegisterView.swift in Sources */,
				A42C95AF28B1EDB100A86C68 /* RouletteSector.swift in Sources */,
				A4D8A2C528A94CEE00DEEF3A /* Modifiers.swift in Sources */,
				A4D8A2B028A942E200DEEF3A /* RMIT_RouletteApp.swift in Sources */,
				A49E0E0428A9FC85004BB2E1 /* GameView.swift in Sources */,
				A453AF2828B230BB00271D87 /* RouletteSectorsViewModel.swift in Sources */,
				A49E0E0828A9FCF9004BB2E1 /* HowToPlay.swift in Sources */,
				A4E03FE528B13BC5000C27DA /* ResultStatus.swift in Sources */,
				A4DAD38428B668A3002918F5 /* GameLogic.swift in Sources */,
				A4E03FE328B13BA8000C27DA /* ColorRoulette.swift in Sources */,
				A4E03FE128B13B4F000C27DA /* Badge.swift in Sources */,
				A49230B628B330FC00E4D697 /* SystemThemeManager.swift in Sources */,
				A482F06528AFE2B400828891 /* User.swift in Sources */,
				A47516BC28B4C93800D1789D /* ResumeView.swift in Sources */,
			);
			runOnlyForDeploymentPostprocessing = 0;
		};
/* End PBXSourcesBuildPhase section */

/* Begin XCBuildConfiguration section */
		A4D8A2B828A942E600DEEF3A /* Debug */ = {
			isa = XCBuildConfiguration;
			buildSettings = {
				ALWAYS_SEARCH_USER_PATHS = NO;
				CLANG_ANALYZER_NONNULL = YES;
				CLANG_ANALYZER_NUMBER_OBJECT_CONVERSION = YES_AGGRESSIVE;
				CLANG_CXX_LANGUAGE_STANDARD = "gnu++17";
				CLANG_ENABLE_MODULES = YES;
				CLANG_ENABLE_OBJC_ARC = YES;
				CLANG_ENABLE_OBJC_WEAK = YES;
				CLANG_WARN_BLOCK_CAPTURE_AUTORELEASING = YES;
				CLANG_WARN_BOOL_CONVERSION = YES;
				CLANG_WARN_COMMA = YES;
				CLANG_WARN_CONSTANT_CONVERSION = YES;
				CLANG_WARN_DEPRECATED_OBJC_IMPLEMENTATIONS = YES;
				CLANG_WARN_DIRECT_OBJC_ISA_USAGE = YES_ERROR;
				CLANG_WARN_DOCUMENTATION_COMMENTS = YES;
				CLANG_WARN_EMPTY_BODY = YES;
				CLANG_WARN_ENUM_CONVERSION = YES;
				CLANG_WARN_INFINITE_RECURSION = YES;
				CLANG_WARN_INT_CONVERSION = YES;
				CLANG_WARN_NON_LITERAL_NULL_CONVERSION = YES;
				CLANG_WARN_OBJC_IMPLICIT_RETAIN_SELF = YES;
				CLANG_WARN_OBJC_LITERAL_CONVERSION = YES;
				CLANG_WARN_OBJC_ROOT_CLASS = YES_ERROR;
				CLANG_WARN_QUOTED_INCLUDE_IN_FRAMEWORK_HEADER = YES;
				CLANG_WARN_RANGE_LOOP_ANALYSIS = YES;
				CLANG_WARN_STRICT_PROTOTYPES = YES;
				CLANG_WARN_SUSPICIOUS_MOVE = YES;
				CLANG_WARN_UNGUARDED_AVAILABILITY = YES_AGGRESSIVE;
				CLANG_WARN_UNREACHABLE_CODE = YES;
				CLANG_WARN__DUPLICATE_METHOD_MATCH = YES;
				COPY_PHASE_STRIP = NO;
				DEBUG_INFORMATION_FORMAT = dwarf;
				ENABLE_STRICT_OBJC_MSGSEND = YES;
				ENABLE_TESTABILITY = YES;
				GCC_C_LANGUAGE_STANDARD = gnu11;
				GCC_DYNAMIC_NO_PIC = NO;
				GCC_NO_COMMON_BLOCKS = YES;
				GCC_OPTIMIZATION_LEVEL = 0;
				GCC_PREPROCESSOR_DEFINITIONS = (
					"DEBUG=1",
					"$(inherited)",
				);
				GCC_WARN_64_TO_32_BIT_CONVERSION = YES;
				GCC_WARN_ABOUT_RETURN_TYPE = YES_ERROR;
				GCC_WARN_UNDECLARED_SELECTOR = YES;
				GCC_WARN_UNINITIALIZED_AUTOS = YES_AGGRESSIVE;
				GCC_WARN_UNUSED_FUNCTION = YES;
				GCC_WARN_UNUSED_VARIABLE = YES;
				IPHONEOS_DEPLOYMENT_TARGET = 15.5;
				MTL_ENABLE_DEBUG_INFO = INCLUDE_SOURCE;
				MTL_FAST_MATH = YES;
				ONLY_ACTIVE_ARCH = YES;
				SDKROOT = iphoneos;
				SWIFT_ACTIVE_COMPILATION_CONDITIONS = DEBUG;
				SWIFT_OPTIMIZATION_LEVEL = "-Onone";
			};
			name = Debug;
		};
		A4D8A2B928A942E600DEEF3A /* Release */ = {
			isa = XCBuildConfiguration;
			buildSettings = {
				ALWAYS_SEARCH_USER_PATHS = NO;
				CLANG_ANALYZER_NONNULL = YES;
				CLANG_ANALYZER_NUMBER_OBJECT_CONVERSION = YES_AGGRESSIVE;
				CLANG_CXX_LANGUAGE_STANDARD = "gnu++17";
				CLANG_ENABLE_MODULES = YES;
				CLANG_ENABLE_OBJC_ARC = YES;
				CLANG_ENABLE_OBJC_WEAK = YES;
				CLANG_WARN_BLOCK_CAPTURE_AUTORELEASING = YES;
				CLANG_WARN_BOOL_CONVERSION = YES;
				CLANG_WARN_COMMA = YES;
				CLANG_WARN_CONSTANT_CONVERSION = YES;
				CLANG_WARN_DEPRECATED_OBJC_IMPLEMENTATIONS = YES;
				CLANG_WARN_DIRECT_OBJC_ISA_USAGE = YES_ERROR;
				CLANG_WARN_DOCUMENTATION_COMMENTS = YES;
				CLANG_WARN_EMPTY_BODY = YES;
				CLANG_WARN_ENUM_CONVERSION = YES;
				CLANG_WARN_INFINITE_RECURSION = YES;
				CLANG_WARN_INT_CONVERSION = YES;
				CLANG_WARN_NON_LITERAL_NULL_CONVERSION = YES;
				CLANG_WARN_OBJC_IMPLICIT_RETAIN_SELF = YES;
				CLANG_WARN_OBJC_LITERAL_CONVERSION = YES;
				CLANG_WARN_OBJC_ROOT_CLASS = YES_ERROR;
				CLANG_WARN_QUOTED_INCLUDE_IN_FRAMEWORK_HEADER = YES;
				CLANG_WARN_RANGE_LOOP_ANALYSIS = YES;
				CLANG_WARN_STRICT_PROTOTYPES = YES;
				CLANG_WARN_SUSPICIOUS_MOVE = YES;
				CLANG_WARN_UNGUARDED_AVAILABILITY = YES_AGGRESSIVE;
				CLANG_WARN_UNREACHABLE_CODE = YES;
				CLANG_WARN__DUPLICATE_METHOD_MATCH = YES;
				COPY_PHASE_STRIP = NO;
				DEBUG_INFORMATION_FORMAT = "dwarf-with-dsym";
				ENABLE_NS_ASSERTIONS = NO;
				ENABLE_STRICT_OBJC_MSGSEND = YES;
				GCC_C_LANGUAGE_STANDARD = gnu11;
				GCC_NO_COMMON_BLOCKS = YES;
				GCC_WARN_64_TO_32_BIT_CONVERSION = YES;
				GCC_WARN_ABOUT_RETURN_TYPE = YES_ERROR;
				GCC_WARN_UNDECLARED_SELECTOR = YES;
				GCC_WARN_UNINITIALIZED_AUTOS = YES_AGGRESSIVE;
				GCC_WARN_UNUSED_FUNCTION = YES;
				GCC_WARN_UNUSED_VARIABLE = YES;
				IPHONEOS_DEPLOYMENT_TARGET = 15.5;
				MTL_ENABLE_DEBUG_INFO = NO;
				MTL_FAST_MATH = YES;
				SDKROOT = iphoneos;
				SWIFT_COMPILATION_MODE = wholemodule;
				SWIFT_OPTIMIZATION_LEVEL = "-O";
				VALIDATE_PRODUCT = YES;
			};
			name = Release;
		};
		A4D8A2BB28A942E600DEEF3A /* Debug */ = {
			isa = XCBuildConfiguration;
			buildSettings = {
				ASSETCATALOG_COMPILER_APPICON_NAME = AppIcon;
				ASSETCATALOG_COMPILER_GLOBAL_ACCENT_COLOR_NAME = AccentColor;
				CODE_SIGN_STYLE = Automatic;
				CURRENT_PROJECT_VERSION = 1;
				DEVELOPMENT_ASSET_PATHS = "\"RMIT_Roulette/Preview Content\"";
				DEVELOPMENT_TEAM = 7776796UCW;
				ENABLE_PREVIEWS = YES;
				GENERATE_INFOPLIST_FILE = YES;
				INFOPLIST_KEY_UIApplicationSceneManifest_Generation = YES;
				INFOPLIST_KEY_UIApplicationSupportsIndirectInputEvents = YES;
				INFOPLIST_KEY_UILaunchScreen_Generation = YES;
				INFOPLIST_KEY_UISupportedInterfaceOrientations_iPad = "UIInterfaceOrientationPortrait UIInterfaceOrientationPortraitUpsideDown UIInterfaceOrientationPortrait UIInterfaceOrientationPortrait";
				INFOPLIST_KEY_UISupportedInterfaceOrientations_iPhone = "UIInterfaceOrientationPortrait UIInterfaceOrientationPortrait UIInterfaceOrientationPortrait";
				LD_RUNPATH_SEARCH_PATHS = (
					"$(inherited)",
					"@executable_path/Frameworks",
				);
				MARKETING_VERSION = 1.0;
				PRODUCT_BUNDLE_IDENTIFIER = "com.khatun.RMIT-Roulette";
				PRODUCT_NAME = "$(TARGET_NAME)";
				SWIFT_EMIT_LOC_STRINGS = YES;
				SWIFT_VERSION = 5.0;
				TARGETED_DEVICE_FAMILY = "1,2";
			};
			name = Debug;
		};
		A4D8A2BC28A942E600DEEF3A /* Release */ = {
			isa = XCBuildConfiguration;
			buildSettings = {
				ASSETCATALOG_COMPILER_APPICON_NAME = AppIcon;
				ASSETCATALOG_COMPILER_GLOBAL_ACCENT_COLOR_NAME = AccentColor;
				CODE_SIGN_STYLE = Automatic;
				CURRENT_PROJECT_VERSION = 1;
				DEVELOPMENT_ASSET_PATHS = "\"RMIT_Roulette/Preview Content\"";
				DEVELOPMENT_TEAM = 7776796UCW;
				ENABLE_PREVIEWS = YES;
				GENERATE_INFOPLIST_FILE = YES;
				INFOPLIST_KEY_UIApplicationSceneManifest_Generation = YES;
				INFOPLIST_KEY_UIApplicationSupportsIndirectInputEvents = YES;
				INFOPLIST_KEY_UILaunchScreen_Generation = YES;
				INFOPLIST_KEY_UISupportedInterfaceOrientations_iPad = "UIInterfaceOrientationPortrait UIInterfaceOrientationPortraitUpsideDown UIInterfaceOrientationPortrait UIInterfaceOrientationPortrait";
				INFOPLIST_KEY_UISupportedInterfaceOrientations_iPhone = "UIInterfaceOrientationPortrait UIInterfaceOrientationPortrait UIInterfaceOrientationPortrait";
				LD_RUNPATH_SEARCH_PATHS = (
					"$(inherited)",
					"@executable_path/Frameworks",
				);
				MARKETING_VERSION = 1.0;
				PRODUCT_BUNDLE_IDENTIFIER = "com.khatun.RMIT-Roulette";
				PRODUCT_NAME = "$(TARGET_NAME)";
				SWIFT_EMIT_LOC_STRINGS = YES;
				SWIFT_VERSION = 5.0;
				TARGETED_DEVICE_FAMILY = "1,2";
			};
			name = Release;
		};
/* End XCBuildConfiguration section */

/* Begin XCConfigurationList section */
		A4D8A2A728A942E200DEEF3A /* Build configuration list for PBXProject "RMIT_Roulette" */ = {
			isa = XCConfigurationList;
			buildConfigurations = (
				A4D8A2B828A942E600DEEF3A /* Debug */,
				A4D8A2B928A942E600DEEF3A /* Release */,
			);
			defaultConfigurationIsVisible = 0;
			defaultConfigurationName = Release;
		};
		A4D8A2BA28A942E600DEEF3A /* Build configuration list for PBXNativeTarget "RMIT_Roulette" */ = {
			isa = XCConfigurationList;
			buildConfigurations = (
				A4D8A2BB28A942E600DEEF3A /* Debug */,
				A4D8A2BC28A942E600DEEF3A /* Release */,
			);
			defaultConfigurationIsVisible = 0;
			defaultConfigurationName = Release;
		};
/* End XCConfigurationList section */
	};
	rootObject = A4D8A2A428A942E200DEEF3A /* Project object */;
}
