// !$*UTF8*$!
{
	archiveVersion = 1;
	classes = {
	};
	objectVersion = 55;
	objects = {

/* Begin PBXBuildFile section */
		A4420AC628AE0301001EA456 /* background_music_menu.mp3 in Resources */ = {isa = PBXBuildFile; fileRef = A4420AC528AE0301001EA456 /* background_music_menu.mp3 */; };
		A49E0E0428A9FC85004BB2E1 /* GameView.swift in Sources */ = {isa = PBXBuildFile; fileRef = A49E0E0328A9FC85004BB2E1 /* GameView.swift */; };
		A49E0E0628A9FCE0004BB2E1 /* Leaderboard.swift in Sources */ = {isa = PBXBuildFile; fileRef = A49E0E0528A9FCE0004BB2E1 /* Leaderboard.swift */; };
		A49E0E0828A9FCF9004BB2E1 /* HowToPlay.swift in Sources */ = {isa = PBXBuildFile; fileRef = A49E0E0728A9FCF9004BB2E1 /* HowToPlay.swift */; };
		A49E0E0A28A9FF0D004BB2E1 /* ButtonView.swift in Sources */ = {isa = PBXBuildFile; fileRef = A49E0E0928A9FF0D004BB2E1 /* ButtonView.swift */; };
		A4A43D4028AD35B90051D51A /* coin_big_win.wav in Resources */ = {isa = PBXBuildFile; fileRef = A4A43D3F28AD35B90051D51A /* coin_big_win.wav */; };
		A4A43D4228AD387B0051D51A /* coin_small_win.wav in Resources */ = {isa = PBXBuildFile; fileRef = A4A43D4128AD387B0051D51A /* coin_small_win.wav */; };
		A4A43D4428AD3A810051D51A /* coin_lose.wav in Resources */ = {isa = PBXBuildFile; fileRef = A4A43D4328AD3A810051D51A /* coin_lose.wav */; };
		A4A43D4628AD3DA00051D51A /* roulette_spin.mp3 in Resources */ = {isa = PBXBuildFile; fileRef = A4A43D4528AD3DA00051D51A /* roulette_spin.mp3 */; };
		A4D8A2B028A942E200DEEF3A /* RMIT_RouletteApp.swift in Sources */ = {isa = PBXBuildFile; fileRef = A4D8A2AF28A942E200DEEF3A /* RMIT_RouletteApp.swift */; };
		A4D8A2B228A942E200DEEF3A /* ContentView.swift in Sources */ = {isa = PBXBuildFile; fileRef = A4D8A2B128A942E200DEEF3A /* ContentView.swift */; };
		A4D8A2B428A942E600DEEF3A /* Assets.xcassets in Resources */ = {isa = PBXBuildFile; fileRef = A4D8A2B328A942E600DEEF3A /* Assets.xcassets */; };
		A4D8A2B728A942E600DEEF3A /* Preview Assets.xcassets in Resources */ = {isa = PBXBuildFile; fileRef = A4D8A2B628A942E600DEEF3A /* Preview Assets.xcassets */; };
		A4D8A2C528A94CEE00DEEF3A /* Modifiers.swift in Sources */ = {isa = PBXBuildFile; fileRef = A4D8A2C428A94CEE00DEEF3A /* Modifiers.swift */; };
		A4D8A2C728A94D0400DEEF3A /* PlaySound.swift in Sources */ = {isa = PBXBuildFile; fileRef = A4D8A2C628A94D0400DEEF3A /* PlaySound.swift */; };
/* End PBXBuildFile section */

/* Begin PBXFileReference section */
		A4420AC528AE0301001EA456 /* background_music_menu.mp3 */ = {isa = PBXFileReference; lastKnownFileType = audio.mp3; name = background_music_menu.mp3; path = ../../../images/background_music_menu.mp3; sourceTree = "<group>"; };
		A49E0E0328A9FC85004BB2E1 /* GameView.swift */ = {isa = PBXFileReference; lastKnownFileType = sourcecode.swift; path = GameView.swift; sourceTree = "<group>"; };
		A49E0E0528A9FCE0004BB2E1 /* Leaderboard.swift */ = {isa = PBXFileReference; lastKnownFileType = sourcecode.swift; path = Leaderboard.swift; sourceTree = "<group>"; };
		A49E0E0728A9FCF9004BB2E1 /* HowToPlay.swift */ = {isa = PBXFileReference; lastKnownFileType = sourcecode.swift; path = HowToPlay.swift; sourceTree = "<group>"; };
		A49E0E0928A9FF0D004BB2E1 /* ButtonView.swift */ = {isa = PBXFileReference; lastKnownFileType = sourcecode.swift; path = ButtonView.swift; sourceTree = "<group>"; };
		A4A43D3F28AD35B90051D51A /* coin_big_win.wav */ = {isa = PBXFileReference; lastKnownFileType = audio.wav; name = coin_big_win.wav; path = ../../../images/coin_big_win.wav; sourceTree = "<group>"; };
		A4A43D4128AD387B0051D51A /* coin_small_win.wav */ = {isa = PBXFileReference; lastKnownFileType = audio.wav; name = coin_small_win.wav; path = ../../../images/coin_small_win.wav; sourceTree = "<group>"; };
		A4A43D4328AD3A810051D51A /* coin_lose.wav */ = {isa = PBXFileReference; lastKnownFileType = audio.wav; name = coin_lose.wav; path = ../../../images/coin_lose.wav; sourceTree = "<group>"; };
		A4A43D4528AD3DA00051D51A /* roulette_spin.mp3 */ = {isa = PBXFileReference; lastKnownFileType = audio.mp3; name = roulette_spin.mp3; path = ../../../images/roulette_spin.mp3; sourceTree = "<group>"; };
		A4D8A2AC28A942E200DEEF3A /* RMIT_Roulette.app */ = {isa = PBXFileReference; explicitFileType = wrapper.application; includeInIndex = 0; path = RMIT_Roulette.app; sourceTree = BUILT_PRODUCTS_DIR; };
		A4D8A2AF28A942E200DEEF3A /* RMIT_RouletteApp.swift */ = {isa = PBXFileReference; lastKnownFileType = sourcecode.swift; path = RMIT_RouletteApp.swift; sourceTree = "<group>"; };
		A4D8A2B128A942E200DEEF3A /* ContentView.swift */ = {isa = PBXFileReference; lastKnownFileType = sourcecode.swift; path = ContentView.swift; sourceTree = "<group>"; };
		A4D8A2B328A942E600DEEF3A /* Assets.xcassets */ = {isa = PBXFileReference; lastKnownFileType = folder.assetcatalog; path = Assets.xcassets; sourceTree = "<group>"; };
		A4D8A2B628A942E600DEEF3A /* Preview Assets.xcassets */ = {isa = PBXFileReference; lastKnownFileType = folder.assetcatalog; path = "Preview Assets.xcassets"; sourceTree = "<group>"; };
		A4D8A2C428A94CEE00DEEF3A /* Modifiers.swift */ = {isa = PBXFileReference; lastKnownFileType = sourcecode.swift; path = Modifiers.swift; sourceTree = "<group>"; };
		A4D8A2C628A94D0400DEEF3A /* PlaySound.swift */ = {isa = PBXFileReference; lastKnownFileType = sourcecode.swift; path = PlaySound.swift; sourceTree = "<group>"; };
/* End PBXFileReference section */

/* Begin PBXFrameworksBuildPhase section */
		A4D8A2A928A942E200DEEF3A /* Frameworks */ = {
			isa = PBXFrameworksBuildPhase;
			buildActionMask = 2147483647;
			files = (
			);
			runOnlyForDeploymentPostprocessing = 0;
		};
/* End PBXFrameworksBuildPhase section */

/* Begin PBXGroup section */
		A4D8A2A328A942E200DEEF3A = {
			isa = PBXGroup;
			children = (
				A4D8A2AE28A942E200DEEF3A /* RMIT_Roulette */,
				A4D8A2AD28A942E200DEEF3A /* Products */,
			);
			sourceTree = "<group>";
		};
		A4D8A2AD28A942E200DEEF3A /* Products */ = {
			isa = PBXGroup;
			children = (
				A4D8A2AC28A942E200DEEF3A /* RMIT_Roulette.app */,
			);
			name = Products;
			sourceTree = "<group>";
		};
		A4D8A2AE28A942E200DEEF3A /* RMIT_Roulette */ = {
			isa = PBXGroup;
			children = (
				A4D8A2BF28A94C4900DEEF3A /* Sounds */,
				A4D8A2BE28A94AE400DEEF3A /* Helpers */,
				A4D8A2BD28A94ADB00DEEF3A /* Views */,
				A4D8A2AF28A942E200DEEF3A /* RMIT_RouletteApp.swift */,
				A4D8A2B328A942E600DEEF3A /* Assets.xcassets */,
				A4D8A2B528A942E600DEEF3A /* Preview Content */,
			);
			path = RMIT_Roulette;
			sourceTree = "<group>";
		};
		A4D8A2B528A942E600DEEF3A /* Preview Content */ = {
			isa = PBXGroup;
			children = (
				A4D8A2B628A942E600DEEF3A /* Preview Assets.xcassets */,
			);
			path = "Preview Content";
			sourceTree = "<group>";
		};
		A4D8A2BD28A94ADB00DEEF3A /* Views */ = {
			isa = PBXGroup;
			children = (
				A4D8A2B128A942E200DEEF3A /* ContentView.swift */,
				A49E0E0328A9FC85004BB2E1 /* GameView.swift */,
				A49E0E0528A9FCE0004BB2E1 /* Leaderboard.swift */,
				A49E0E0728A9FCF9004BB2E1 /* HowToPlay.swift */,
				A49E0E0928A9FF0D004BB2E1 /* ButtonView.swift */,
			);
			path = Views;
			sourceTree = "<group>";
		};
		A4D8A2BE28A94AE400DEEF3A /* Helpers */ = {
			isa = PBXGroup;
			children = (
				A4D8A2C428A94CEE00DEEF3A /* Modifiers.swift */,
				A4D8A2C628A94D0400DEEF3A /* PlaySound.swift */,
			);
			path = Helpers;
			sourceTree = "<group>";
		};
		A4D8A2BF28A94C4900DEEF3A /* Sounds */ = {
			isa = PBXGroup;
			children = (
				A4420AC528AE0301001EA456 /* background_music_menu.mp3 */,
				A4A43D4528AD3DA00051D51A /* roulette_spin.mp3 */,
				A4A43D4328AD3A810051D51A /* coin_lose.wav */,
				A4A43D4128AD387B0051D51A /* coin_small_win.wav */,
				A4A43D3F28AD35B90051D51A /* coin_big_win.wav */,
			);
			path = Sounds;
			sourceTree = "<group>";
		};
/* End PBXGroup section */

/* Begin PBXNativeTarget section */
		A4D8A2AB28A942E200DEEF3A /* RMIT_Roulette */ = {
			isa = PBXNativeTarget;
			buildConfigurationList = A4D8A2BA28A942E600DEEF3A /* Build configuration list for PBXNativeTarget "RMIT_Roulette" */;
			buildPhases = (
				A4D8A2A828A942E200DEEF3A /* Sources */,
				A4D8A2A928A942E200DEEF3A /* Frameworks */,
				A4D8A2AA28A942E200DEEF3A /* Resources */,
			);
			buildRules = (
			);
			dependencies = (
			);
			name = RMIT_Roulette;
			productName = RMIT_Roulette;
			productReference = A4D8A2AC28A942E200DEEF3A /* RMIT_Roulette.app */;
			productType = "com.apple.product-type.application";
		};
/* End PBXNativeTarget section */

/* Begin PBXProject section */
		A4D8A2A428A942E200DEEF3A /* Project object */ = {
			isa = PBXProject;
			attributes = {
				BuildIndependentTargetsInParallel = 1;
				LastSwiftUpdateCheck = 1340;
				LastUpgradeCheck = 1340;
				TargetAttributes = {
					A4D8A2AB28A942E200DEEF3A = {
						CreatedOnToolsVersion = 13.4.1;
					};
				};
			};
			buildConfigurationList = A4D8A2A728A942E200DEEF3A /* Build configuration list for PBXProject "RMIT_Roulette" */;
			compatibilityVersion = "Xcode 13.0";
			developmentRegion = en;
			hasScannedForEncodings = 0;
			knownRegions = (
				en,
				Base,
			);
			mainGroup = A4D8A2A328A942E200DEEF3A;
			productRefGroup = A4D8A2AD28A942E200DEEF3A /* Products */;
			projectDirPath = "";
			projectRoot = "";
			targets = (
				A4D8A2AB28A942E200DEEF3A /* RMIT_Roulette */,
			);
		};
/* End PBXProject section */

/* Begin PBXResourcesBuildPhase section */
		A4D8A2AA28A942E200DEEF3A /* Resources */ = {
			isa = PBXResourcesBuildPhase;
			buildActionMask = 2147483647;
			files = (
				A4A43D4228AD387B0051D51A /* coin_small_win.wav in Resources */,
				A4A43D4428AD3A810051D51A /* coin_lose.wav in Resources */,
				A4A43D4628AD3DA00051D51A /* roulette_spin.mp3 in Resources */,
				A4420AC628AE0301001EA456 /* background_music_menu.mp3 in Resources */,
				A4D8A2B728A942E600DEEF3A /* Preview Assets.xcassets in Resources */,
				A4A43D4028AD35B90051D51A /* coin_big_win.wav in Resources */,
				A4D8A2B428A942E600DEEF3A /* Assets.xcassets in Resources */,
			);
			runOnlyForDeploymentPostprocessing = 0;
		};
/* End PBXResourcesBuildPhase section */

/* Begin PBXSourcesBuildPhase section */
		A4D8A2A828A942E200DEEF3A /* Sources */ = {
			isa = PBXSourcesBuildPhase;
			buildActionMask = 2147483647;
			files = (
				A4D8A2B228A942E200DEEF3A /* ContentView.swift in Sources */,
				A49E0E0628A9FCE0004BB2E1 /* Leaderboard.swift in Sources */,
				A49E0E0A28A9FF0D004BB2E1 /* ButtonView.swift in Sources */,
				A4D8A2C728A94D0400DEEF3A /* PlaySound.swift in Sources */,
				A4D8A2C528A94CEE00DEEF3A /* Modifiers.swift in Sources */,
				A4D8A2B028A942E200DEEF3A /* RMIT_RouletteApp.swift in Sources */,
				A49E0E0428A9FC85004BB2E1 /* GameView.swift in Sources */,
				A49E0E0828A9FCF9004BB2E1 /* HowToPlay.swift in Sources */,
			);
			runOnlyForDeploymentPostprocessing = 0;
		};
/* End PBXSourcesBuildPhase section */

/* Begin XCBuildConfiguration section */
		A4D8A2B828A942E600DEEF3A /* Debug */ = {
			isa = XCBuildConfiguration;
			buildSettings = {
				ALWAYS_SEARCH_USER_PATHS = NO;
				CLANG_ANALYZER_NONNULL = YES;
				CLANG_ANALYZER_NUMBER_OBJECT_CONVERSION = YES_AGGRESSIVE;
				CLANG_CXX_LANGUAGE_STANDARD = "gnu++17";
				CLANG_ENABLE_MODULES = YES;
				CLANG_ENABLE_OBJC_ARC = YES;
				CLANG_ENABLE_OBJC_WEAK = YES;
				CLANG_WARN_BLOCK_CAPTURE_AUTORELEASING = YES;
				CLANG_WARN_BOOL_CONVERSION = YES;
				CLANG_WARN_COMMA = YES;
				CLANG_WARN_CONSTANT_CONVERSION = YES;
				CLANG_WARN_DEPRECATED_OBJC_IMPLEMENTATIONS = YES;
				CLANG_WARN_DIRECT_OBJC_ISA_USAGE = YES_ERROR;
				CLANG_WARN_DOCUMENTATION_COMMENTS = YES;
				CLANG_WARN_EMPTY_BODY = YES;
				CLANG_WARN_ENUM_CONVERSION = YES;
				CLANG_WARN_INFINITE_RECURSION = YES;
				CLANG_WARN_INT_CONVERSION = YES;
				CLANG_WARN_NON_LITERAL_NULL_CONVERSION = YES;
				CLANG_WARN_OBJC_IMPLICIT_RETAIN_SELF = YES;
				CLANG_WARN_OBJC_LITERAL_CONVERSION = YES;
				CLANG_WARN_OBJC_ROOT_CLASS = YES_ERROR;
				CLANG_WARN_QUOTED_INCLUDE_IN_FRAMEWORK_HEADER = YES;
				CLANG_WARN_RANGE_LOOP_ANALYSIS = YES;
				CLANG_WARN_STRICT_PROTOTYPES = YES;
				CLANG_WARN_SUSPICIOUS_MOVE = YES;
				CLANG_WARN_UNGUARDED_AVAILABILITY = YES_AGGRESSIVE;
				CLANG_WARN_UNREACHABLE_CODE = YES;
				CLANG_WARN__DUPLICATE_METHOD_MATCH = YES;
				COPY_PHASE_STRIP = NO;
				DEBUG_INFORMATION_FORMAT = dwarf;
				ENABLE_STRICT_OBJC_MSGSEND = YES;
				ENABLE_TESTABILITY = YES;
				GCC_C_LANGUAGE_STANDARD = gnu11;
				GCC_DYNAMIC_NO_PIC = NO;
				GCC_NO_COMMON_BLOCKS = YES;
				GCC_OPTIMIZATION_LEVEL = 0;
				GCC_PREPROCESSOR_DEFINITIONS = (
					"DEBUG=1",
					"$(inherited)",
				);
				GCC_WARN_64_TO_32_BIT_CONVERSION = YES;
				GCC_WARN_ABOUT_RETURN_TYPE = YES_ERROR;
				GCC_WARN_UNDECLARED_SELECTOR = YES;
				GCC_WARN_UNINITIALIZED_AUTOS = YES_AGGRESSIVE;
				GCC_WARN_UNUSED_FUNCTION = YES;
				GCC_WARN_UNUSED_VARIABLE = YES;
				IPHONEOS_DEPLOYMENT_TARGET = 15.5;
				MTL_ENABLE_DEBUG_INFO = INCLUDE_SOURCE;
				MTL_FAST_MATH = YES;
				ONLY_ACTIVE_ARCH = YES;
				SDKROOT = iphoneos;
				SWIFT_ACTIVE_COMPILATION_CONDITIONS = DEBUG;
				SWIFT_OPTIMIZATION_LEVEL = "-Onone";
			};
			name = Debug;
		};
		A4D8A2B928A942E600DEEF3A /* Release */ = {
			isa = XCBuildConfiguration;
			buildSettings = {
				ALWAYS_SEARCH_USER_PATHS = NO;
				CLANG_ANALYZER_NONNULL = YES;
				CLANG_ANALYZER_NUMBER_OBJECT_CONVERSION = YES_AGGRESSIVE;
				CLANG_CXX_LANGUAGE_STANDARD = "gnu++17";
				CLANG_ENABLE_MODULES = YES;
				CLANG_ENABLE_OBJC_ARC = YES;
				CLANG_ENABLE_OBJC_WEAK = YES;
				CLANG_WARN_BLOCK_CAPTURE_AUTORELEASING = YES;
				CLANG_WARN_BOOL_CONVERSION = YES;
				CLANG_WARN_COMMA = YES;
				CLANG_WARN_CONSTANT_CONVERSION = YES;
				CLANG_WARN_DEPRECATED_OBJC_IMPLEMENTATIONS = YES;
				CLANG_WARN_DIRECT_OBJC_ISA_USAGE = YES_ERROR;
				CLANG_WARN_DOCUMENTATION_COMMENTS = YES;
				CLANG_WARN_EMPTY_BODY = YES;
				CLANG_WARN_ENUM_CONVERSION = YES;
				CLANG_WARN_INFINITE_RECURSION = YES;
				CLANG_WARN_INT_CONVERSION = YES;
				CLANG_WARN_NON_LITERAL_NULL_CONVERSION = YES;
				CLANG_WARN_OBJC_IMPLICIT_RETAIN_SELF = YES;
				CLANG_WARN_OBJC_LITERAL_CONVERSION = YES;
				CLANG_WARN_OBJC_ROOT_CLASS = YES_ERROR;
				CLANG_WARN_QUOTED_INCLUDE_IN_FRAMEWORK_HEADER = YES;
				CLANG_WARN_RANGE_LOOP_ANALYSIS = YES;
				CLANG_WARN_STRICT_PROTOTYPES = YES;
				CLANG_WARN_SUSPICIOUS_MOVE = YES;
				CLANG_WARN_UNGUARDED_AVAILABILITY = YES_AGGRESSIVE;
				CLANG_WARN_UNREACHABLE_CODE = YES;
				CLANG_WARN__DUPLICATE_METHOD_MATCH = YES;
				COPY_PHASE_STRIP = NO;
				DEBUG_INFORMATION_FORMAT = "dwarf-with-dsym";
				ENABLE_NS_ASSERTIONS = NO;
				ENABLE_STRICT_OBJC_MSGSEND = YES;
				GCC_C_LANGUAGE_STANDARD = gnu11;
				GCC_NO_COMMON_BLOCKS = YES;
				GCC_WARN_64_TO_32_BIT_CONVERSION = YES;
				GCC_WARN_ABOUT_RETURN_TYPE = YES_ERROR;
				GCC_WARN_UNDECLARED_SELECTOR = YES;
				GCC_WARN_UNINITIALIZED_AUTOS = YES_AGGRESSIVE;
				GCC_WARN_UNUSED_FUNCTION = YES;
				GCC_WARN_UNUSED_VARIABLE = YES;
				IPHONEOS_DEPLOYMENT_TARGET = 15.5;
				MTL_ENABLE_DEBUG_INFO = NO;
				MTL_FAST_MATH = YES;
				SDKROOT = iphoneos;
				SWIFT_COMPILATION_MODE = wholemodule;
				SWIFT_OPTIMIZATION_LEVEL = "-O";
				VALIDATE_PRODUCT = YES;
			};
			name = Release;
		};
		A4D8A2BB28A942E600DEEF3A /* Debug */ = {
			isa = XCBuildConfiguration;
			buildSettings = {
				ASSETCATALOG_COMPILER_APPICON_NAME = AppIcon;
				ASSETCATALOG_COMPILER_GLOBAL_ACCENT_COLOR_NAME = AccentColor;
				CODE_SIGN_STYLE = Automatic;
				CURRENT_PROJECT_VERSION = 1;
				DEVELOPMENT_ASSET_PATHS = "\"RMIT_Roulette/Preview Content\"";
				DEVELOPMENT_TEAM = 7776796UCW;
				ENABLE_PREVIEWS = YES;
				GENERATE_INFOPLIST_FILE = YES;
				INFOPLIST_KEY_UIApplicationSceneManifest_Generation = YES;
				INFOPLIST_KEY_UIApplicationSupportsIndirectInputEvents = YES;
				INFOPLIST_KEY_UILaunchScreen_Generation = YES;
				INFOPLIST_KEY_UISupportedInterfaceOrientations_iPad = "UIInterfaceOrientationPortrait UIInterfaceOrientationPortraitUpsideDown UIInterfaceOrientationLandscapeLeft UIInterfaceOrientationLandscapeRight";
				INFOPLIST_KEY_UISupportedInterfaceOrientations_iPhone = "UIInterfaceOrientationPortrait UIInterfaceOrientationLandscapeLeft UIInterfaceOrientationLandscapeRight";
				LD_RUNPATH_SEARCH_PATHS = (
					"$(inherited)",
					"@executable_path/Frameworks",
				);
				MARKETING_VERSION = 1.0;
				PRODUCT_BUNDLE_IDENTIFIER = "com.khatun.RMIT-Roulette";
				PRODUCT_NAME = "$(TARGET_NAME)";
				SWIFT_EMIT_LOC_STRINGS = YES;
				SWIFT_VERSION = 5.0;
				TARGETED_DEVICE_FAMILY = "1,2";
			};
			name = Debug;
		};
		A4D8A2BC28A942E600DEEF3A /* Release */ = {
			isa = XCBuildConfiguration;
			buildSettings = {
				ASSETCATALOG_COMPILER_APPICON_NAME = AppIcon;
				ASSETCATALOG_COMPILER_GLOBAL_ACCENT_COLOR_NAME = AccentColor;
				CODE_SIGN_STYLE = Automatic;
				CURRENT_PROJECT_VERSION = 1;
				DEVELOPMENT_ASSET_PATHS = "\"RMIT_Roulette/Preview Content\"";
				DEVELOPMENT_TEAM = 7776796UCW;
				ENABLE_PREVIEWS = YES;
				GENERATE_INFOPLIST_FILE = YES;
				INFOPLIST_KEY_UIApplicationSceneManifest_Generation = YES;
				INFOPLIST_KEY_UIApplicationSupportsIndirectInputEvents = YES;
				INFOPLIST_KEY_UILaunchScreen_Generation = YES;
				INFOPLIST_KEY_UISupportedInterfaceOrientations_iPad = "UIInterfaceOrientationPortrait UIInterfaceOrientationPortraitUpsideDown UIInterfaceOrientationLandscapeLeft UIInterfaceOrientationLandscapeRight";
				INFOPLIST_KEY_UISupportedInterfaceOrientations_iPhone = "UIInterfaceOrientationPortrait UIInterfaceOrientationLandscapeLeft UIInterfaceOrientationLandscapeRight";
				LD_RUNPATH_SEARCH_PATHS = (
					"$(inherited)",
					"@executable_path/Frameworks",
				);
				MARKETING_VERSION = 1.0;
				PRODUCT_BUNDLE_IDENTIFIER = "com.khatun.RMIT-Roulette";
				PRODUCT_NAME = "$(TARGET_NAME)";
				SWIFT_EMIT_LOC_STRINGS = YES;
				SWIFT_VERSION = 5.0;
				TARGETED_DEVICE_FAMILY = "1,2";
			};
			name = Release;
		};
/* End XCBuildConfiguration section */

/* Begin XCConfigurationList section */
		A4D8A2A728A942E200DEEF3A /* Build configuration list for PBXProject "RMIT_Roulette" */ = {
			isa = XCConfigurationList;
			buildConfigurations = (
				A4D8A2B828A942E600DEEF3A /* Debug */,
				A4D8A2B928A942E600DEEF3A /* Release */,
			);
			defaultConfigurationIsVisible = 0;
			defaultConfigurationName = Release;
		};
		A4D8A2BA28A942E600DEEF3A /* Build configuration list for PBXNativeTarget "RMIT_Roulette" */ = {
			isa = XCConfigurationList;
			buildConfigurations = (
				A4D8A2BB28A942E600DEEF3A /* Debug */,
				A4D8A2BC28A942E600DEEF3A /* Release */,
			);
			defaultConfigurationIsVisible = 0;
			defaultConfigurationName = Release;
		};
/* End XCConfigurationList section */
	};
	rootObject = A4D8A2A428A942E200DEEF3A /* Project object */;
}
